// !$*UTF8*$!
{
	archiveVersion = 1;
	classes = {
	};
	objectVersion = 77;
	objects = {

/* Begin PBXContainerItemProxy section */
		5E070C5D2D06D8C5003E4938 /* PBXContainerItemProxy */ = {
			isa = PBXContainerItemProxy;
			containerPortal = 5E070C442D06D8C4003E4938 /* Project object */;
			proxyType = 1;
			remoteGlobalIDString = 5E070C4B2D06D8C4003E4938;
			remoteInfo = APIcall;
		};
		5E070C672D06D8C6003E4938 /* PBXContainerItemProxy */ = {
			isa = PBXContainerItemProxy;
			containerPortal = 5E070C442D06D8C4003E4938 /* Project object */;
			proxyType = 1;
			remoteGlobalIDString = 5E070C4B2D06D8C4003E4938;
			remoteInfo = APIcall;
		};
/* End PBXContainerItemProxy section */

/* Begin PBXFileReference section */
		5E070C4C2D06D8C4003E4938 /* APIcall.app */ = {isa = PBXFileReference; explicitFileType = wrapper.application; includeInIndex = 0; path = APIcall.app; sourceTree = BUILT_PRODUCTS_DIR; };
		5E070C5C2D06D8C5003E4938 /* APIcallTests.xctest */ = {isa = PBXFileReference; explicitFileType = wrapper.cfbundle; includeInIndex = 0; path = APIcallTests.xctest; sourceTree = BUILT_PRODUCTS_DIR; };
		5E070C662D06D8C6003E4938 /* APIcallUITests.xctest */ = {isa = PBXFileReference; explicitFileType = wrapper.cfbundle; includeInIndex = 0; path = APIcallUITests.xctest; sourceTree = BUILT_PRODUCTS_DIR; };
		5E070C8E2D06DD96003E4938 /* Config.xcconfig */ = {isa = PBXFileReference; lastKnownFileType = text.xcconfig; path = Config.xcconfig; sourceTree = "<group>"; };
/* End PBXFileReference section */

/* Begin PBXFileSystemSynchronizedBuildFileExceptionSet section */
		5E070C952D06DEC7003E4938 /* Exceptions for "APIcall" folder in "APIcall" target */ = {
			isa = PBXFileSystemSynchronizedBuildFileExceptionSet;
			membershipExceptions = (
				Info.plist,
			);
			target = 5E070C4B2D06D8C4003E4938 /* APIcall */;
		};
/* End PBXFileSystemSynchronizedBuildFileExceptionSet section */

/* Begin PBXFileSystemSynchronizedRootGroup section */
		5E070C4E2D06D8C4003E4938 /* APIcall */ = {
			isa = PBXFileSystemSynchronizedRootGroup;
			exceptions = (
				5E070C952D06DEC7003E4938 /* Exceptions for "APIcall" folder in "APIcall" target */,
			);
			path = APIcall;
			sourceTree = "<group>";
		};
		5E070C5F2D06D8C5003E4938 /* APIcallTests */ = {
			isa = PBXFileSystemSynchronizedRootGroup;
			path = APIcallTests;
			sourceTree = "<group>";
		};
		5E070C692D06D8C6003E4938 /* APIcallUITests */ = {
			isa = PBXFileSystemSynchronizedRootGroup;
			path = APIcallUITests;
			sourceTree = "<group>";
		};
/* End PBXFileSystemSynchronizedRootGroup section */

/* Begin PBXFrameworksBuildPhase section */
		5E070C492D06D8C4003E4938 /* Frameworks */ = {
			isa = PBXFrameworksBuildPhase;
			buildActionMask = 2147483647;
			files = (
			);
			runOnlyForDeploymentPostprocessing = 0;
		};
		5E070C592D06D8C5003E4938 /* Frameworks */ = {
			isa = PBXFrameworksBuildPhase;
			buildActionMask = 2147483647;
			files = (
			);
			runOnlyForDeploymentPostprocessing = 0;
		};
		5E070C632D06D8C6003E4938 /* Frameworks */ = {
			isa = PBXFrameworksBuildPhase;
			buildActionMask = 2147483647;
			files = (
			);
			runOnlyForDeploymentPostprocessing = 0;
		};
/* End PBXFrameworksBuildPhase section */

/* Begin PBXGroup section */
		5E070C432D06D8C4003E4938 = {
			isa = PBXGroup;
			children = (
				5E070C4E2D06D8C4003E4938 /* APIcall */,
				5E070C5F2D06D8C5003E4938 /* APIcallTests */,
				5E070C692D06D8C6003E4938 /* APIcallUITests */,
				5E070C4D2D06D8C4003E4938 /* Products */,
				5EACFCBF2D06F303003E40ED /* Recovered References */,
			);
			sourceTree = "<group>";
		};
		5E070C4D2D06D8C4003E4938 /* Products */ = {
			isa = PBXGroup;
			children = (
				5E070C4C2D06D8C4003E4938 /* APIcall.app */,
				5E070C5C2D06D8C5003E4938 /* APIcallTests.xctest */,
				5E070C662D06D8C6003E4938 /* APIcallUITests.xctest */,
			);
			name = Products;
			sourceTree = "<group>";
		};
		5EACFCBF2D06F303003E40ED /* Recovered References */ = {
			isa = PBXGroup;
			children = (
				5E070C8E2D06DD96003E4938 /* Config.xcconfig */,
			);
			name = "Recovered References";
			sourceTree = "<group>";
		};
/* End PBXGroup section */

/* Begin PBXNativeTarget section */
		5E070C4B2D06D8C4003E4938 /* APIcall */ = {
			isa = PBXNativeTarget;
			buildConfigurationList = 5E070C702D06D8C6003E4938 /* Build configuration list for PBXNativeTarget "APIcall" */;
			buildPhases = (
				5E070C482D06D8C4003E4938 /* Sources */,
				5E070C492D06D8C4003E4938 /* Frameworks */,
				5E070C4A2D06D8C4003E4938 /* Resources */,
			);
			buildRules = (
			);
			dependencies = (
			);
			fileSystemSynchronizedGroups = (
				5E070C4E2D06D8C4003E4938 /* APIcall */,
			);
			name = APIcall;
			packageProductDependencies = (
			);
			productName = APIcall;
			productReference = 5E070C4C2D06D8C4003E4938 /* APIcall.app */;
			productType = "com.apple.product-type.application";
		};
		5E070C5B2D06D8C5003E4938 /* APIcallTests */ = {
			isa = PBXNativeTarget;
			buildConfigurationList = 5E070C732D06D8C6003E4938 /* Build configuration list for PBXNativeTarget "APIcallTests" */;
			buildPhases = (
				5E070C582D06D8C5003E4938 /* Sources */,
				5E070C592D06D8C5003E4938 /* Frameworks */,
				5E070C5A2D06D8C5003E4938 /* Resources */,
			);
			buildRules = (
			);
			dependencies = (
				5E070C5E2D06D8C5003E4938 /* PBXTargetDependency */,
			);
			fileSystemSynchronizedGroups = (
				5E070C5F2D06D8C5003E4938 /* APIcallTests */,
			);
			name = APIcallTests;
			packageProductDependencies = (
			);
			productName = APIcallTests;
			productReference = 5E070C5C2D06D8C5003E4938 /* APIcallTests.xctest */;
			productType = "com.apple.product-type.bundle.unit-test";
		};
		5E070C652D06D8C6003E4938 /* APIcallUITests */ = {
			isa = PBXNativeTarget;
			buildConfigurationList = 5E070C762D06D8C6003E4938 /* Build configuration list for PBXNativeTarget "APIcallUITests" */;
			buildPhases = (
				5E070C622D06D8C6003E4938 /* Sources */,
				5E070C632D06D8C6003E4938 /* Frameworks */,
				5E070C642D06D8C6003E4938 /* Resources */,
			);
			buildRules = (
			);
			dependencies = (
				5E070C682D06D8C6003E4938 /* PBXTargetDependency */,
			);
			fileSystemSynchronizedGroups = (
				5E070C692D06D8C6003E4938 /* APIcallUITests */,
			);
			name = APIcallUITests;
			packageProductDependencies = (
			);
			productName = APIcallUITests;
			productReference = 5E070C662D06D8C6003E4938 /* APIcallUITests.xctest */;
			productType = "com.apple.product-type.bundle.ui-testing";
		};
/* End PBXNativeTarget section */

/* Begin PBXProject section */
		5E070C442D06D8C4003E4938 /* Project object */ = {
			isa = PBXProject;
			attributes = {
				BuildIndependentTargetsInParallel = 1;
				LastSwiftUpdateCheck = 1610;
				LastUpgradeCheck = 1610;
				TargetAttributes = {
					5E070C4B2D06D8C4003E4938 = {
						CreatedOnToolsVersion = 16.1;
					};
					5E070C5B2D06D8C5003E4938 = {
						CreatedOnToolsVersion = 16.1;
						TestTargetID = 5E070C4B2D06D8C4003E4938;
					};
					5E070C652D06D8C6003E4938 = {
						CreatedOnToolsVersion = 16.1;
						TestTargetID = 5E070C4B2D06D8C4003E4938;
					};
				};
			};
			buildConfigurationList = 5E070C472D06D8C4003E4938 /* Build configuration list for PBXProject "APIcall" */;
			developmentRegion = en;
			hasScannedForEncodings = 0;
			knownRegions = (
				en,
				Base,
			);
			mainGroup = 5E070C432D06D8C4003E4938;
			minimizedProjectReferenceProxies = 1;
			preferredProjectObjectVersion = 77;
			productRefGroup = 5E070C4D2D06D8C4003E4938 /* Products */;
			projectDirPath = "";
			projectRoot = "";
			targets = (
				5E070C4B2D06D8C4003E4938 /* APIcall */,
				5E070C5B2D06D8C5003E4938 /* APIcallTests */,
				5E070C652D06D8C6003E4938 /* APIcallUITests */,
			);
		};
/* End PBXProject section */

/* Begin PBXResourcesBuildPhase section */
		5E070C4A2D06D8C4003E4938 /* Resources */ = {
			isa = PBXResourcesBuildPhase;
			buildActionMask = 2147483647;
			files = (
			);
			runOnlyForDeploymentPostprocessing = 0;
		};
		5E070C5A2D06D8C5003E4938 /* Resources */ = {
			isa = PBXResourcesBuildPhase;
			buildActionMask = 2147483647;
			files = (
			);
			runOnlyForDeploymentPostprocessing = 0;
		};
		5E070C642D06D8C6003E4938 /* Resources */ = {
			isa = PBXResourcesBuildPhase;
			buildActionMask = 2147483647;
			files = (
			);
			runOnlyForDeploymentPostprocessing = 0;
		};
/* End PBXResourcesBuildPhase section */

/* Begin PBXSourcesBuildPhase section */
		5E070C482D06D8C4003E4938 /* Sources */ = {
			isa = PBXSourcesBuildPhase;
			buildActionMask = 2147483647;
			files = (
			);
			runOnlyForDeploymentPostprocessing = 0;
		};
		5E070C582D06D8C5003E4938 /* Sources */ = {
			isa = PBXSourcesBuildPhase;
			buildActionMask = 2147483647;
			files = (
			);
			runOnlyForDeploymentPostprocessing = 0;
		};
		5E070C622D06D8C6003E4938 /* Sources */ = {
			isa = PBXSourcesBuildPhase;
			buildActionMask = 2147483647;
			files = (
			);
			runOnlyForDeploymentPostprocessing = 0;
		};
/* End PBXSourcesBuildPhase section */

/* Begin PBXTargetDependency section */
		5E070C5E2D06D8C5003E4938 /* PBXTargetDependency */ = {
			isa = PBXTargetDependency;
			target = 5E070C4B2D06D8C4003E4938 /* APIcall */;
			targetProxy = 5E070C5D2D06D8C5003E4938 /* PBXContainerItemProxy */;
		};
		5E070C682D06D8C6003E4938 /* PBXTargetDependency */ = {
			isa = PBXTargetDependency;
			target = 5E070C4B2D06D8C4003E4938 /* APIcall */;
			targetProxy = 5E070C672D06D8C6003E4938 /* PBXContainerItemProxy */;
		};
/* End PBXTargetDependency section */

/* Begin XCBuildConfiguration section */
		5E070C6E2D06D8C6003E4938 /* Debug */ = {
			isa = XCBuildConfiguration;
			baseConfigurationReferenceAnchor = 5E070C4E2D06D8C4003E4938 /* APIcall */;
			baseConfigurationReferenceRelativePath = Config.xcconfig;
			buildSettings = {
				ALWAYS_SEARCH_USER_PATHS = NO;
				ASSETCATALOG_COMPILER_GENERATE_SWIFT_ASSET_SYMBOL_EXTENSIONS = YES;
				CLANG_ANALYZER_NONNULL = YES;
				CLANG_ANALYZER_NUMBER_OBJECT_CONVERSION = YES_AGGRESSIVE;
				CLANG_CXX_LANGUAGE_STANDARD = "gnu++20";
				CLANG_ENABLE_MODULES = YES;
				CLANG_ENABLE_OBJC_ARC = YES;
				CLANG_ENABLE_OBJC_WEAK = YES;
				CLANG_WARN_BLOCK_CAPTURE_AUTORELEASING = YES;
				CLANG_WARN_BOOL_CONVERSION = YES;
				CLANG_WARN_COMMA = YES;
				CLANG_WARN_CONSTANT_CONVERSION = YES;
				CLANG_WARN_DEPRECATED_OBJC_IMPLEMENTATIONS = YES;
				CLANG_WARN_DIRECT_OBJC_ISA_USAGE = YES_ERROR;
				CLANG_WARN_DOCUMENTATION_COMMENTS = YES;
				CLANG_WARN_EMPTY_BODY = YES;
				CLANG_WARN_ENUM_CONVERSION = YES;
				CLANG_WARN_INFINITE_RECURSION = YES;
				CLANG_WARN_INT_CONVERSION = YES;
				CLANG_WARN_NON_LITERAL_NULL_CONVERSION = YES;
				CLANG_WARN_OBJC_IMPLICIT_RETAIN_SELF = YES;
				CLANG_WARN_OBJC_LITERAL_CONVERSION = YES;
				CLANG_WARN_OBJC_ROOT_CLASS = YES_ERROR;
				CLANG_WARN_QUOTED_INCLUDE_IN_FRAMEWORK_HEADER = YES;
				CLANG_WARN_RANGE_LOOP_ANALYSIS = YES;
				CLANG_WARN_STRICT_PROTOTYPES = YES;
				CLANG_WARN_SUSPICIOUS_MOVE = YES;
				CLANG_WARN_UNGUARDED_AVAILABILITY = YES_AGGRESSIVE;
				CLANG_WARN_UNREACHABLE_CODE = YES;
				CLANG_WARN__DUPLICATE_METHOD_MATCH = YES;
				COPY_PHASE_STRIP = NO;
				DEBUG_INFORMATION_FORMAT = dwarf;
				ENABLE_STRICT_OBJC_MSGSEND = YES;
				ENABLE_TESTABILITY = YES;
				ENABLE_USER_SCRIPT_SANDBOXING = YES;
				GCC_C_LANGUAGE_STANDARD = gnu17;
				GCC_DYNAMIC_NO_PIC = NO;
				GCC_NO_COMMON_BLOCKS = YES;
				GCC_OPTIMIZATION_LEVEL = 0;
				GCC_PREPROCESSOR_DEFINITIONS = (
					"DEBUG=1",
					"$(inherited)",
				);
				GCC_WARN_64_TO_32_BIT_CONVERSION = YES;
				GCC_WARN_ABOUT_RETURN_TYPE = YES_ERROR;
				GCC_WARN_UNDECLARED_SELECTOR = YES;
				GCC_WARN_UNINITIALIZED_AUTOS = YES_AGGRESSIVE;
				GCC_WARN_UNUSED_FUNCTION = YES;
				GCC_WARN_UNUSED_VARIABLE = YES;
				IPHONEOS_DEPLOYMENT_TARGET = 18.1;
				LOCALIZATION_PREFERS_STRING_CATALOGS = YES;
				MTL_ENABLE_DEBUG_INFO = INCLUDE_SOURCE;
				MTL_FAST_MATH = YES;
				ONLY_ACTIVE_ARCH = YES;
				SDKROOT = iphoneos;
				SWIFT_ACTIVE_COMPILATION_CONDITIONS = "DEBUG $(inherited)";
				SWIFT_OPTIMIZATION_LEVEL = "-Onone";
			};
			name = Debug;
		};
		5E070C6F2D06D8C6003E4938 /* Release */ = {
			isa = XCBuildConfiguration;
			baseConfigurationReferenceAnchor = 5E070C4E2D06D8C4003E4938 /* APIcall */;
			baseConfigurationReferenceRelativePath = Config.xcconfig;
			buildSettings = {
				ALWAYS_SEARCH_USER_PATHS = NO;
				ASSETCATALOG_COMPILER_GENERATE_SWIFT_ASSET_SYMBOL_EXTENSIONS = YES;
				CLANG_ANALYZER_NONNULL = YES;
				CLANG_ANALYZER_NUMBER_OBJECT_CONVERSION = YES_AGGRESSIVE;
				CLANG_CXX_LANGUAGE_STANDARD = "gnu++20";
				CLANG_ENABLE_MODULES = YES;
				CLANG_ENABLE_OBJC_ARC = YES;
				CLANG_ENABLE_OBJC_WEAK = YES;
				CLANG_WARN_BLOCK_CAPTURE_AUTORELEASING = YES;
				CLANG_WARN_BOOL_CONVERSION = YES;
				CLANG_WARN_COMMA = YES;
				CLANG_WARN_CONSTANT_CONVERSION = YES;
				CLANG_WARN_DEPRECATED_OBJC_IMPLEMENTATIONS = YES;
				CLANG_WARN_DIRECT_OBJC_ISA_USAGE = YES_ERROR;
				CLANG_WARN_DOCUMENTATION_COMMENTS = YES;
				CLANG_WARN_EMPTY_BODY = YES;
				CLANG_WARN_ENUM_CONVERSION = YES;
				CLANG_WARN_INFINITE_RECURSION = YES;
				CLANG_WARN_INT_CONVERSION = YES;
				CLANG_WARN_NON_LITERAL_NULL_CONVERSION = YES;
				CLANG_WARN_OBJC_IMPLICIT_RETAIN_SELF = YES;
				CLANG_WARN_OBJC_LITERAL_CONVERSION = YES;
				CLANG_WARN_OBJC_ROOT_CLASS = YES_ERROR;
				CLANG_WARN_QUOTED_INCLUDE_IN_FRAMEWORK_HEADER = YES;
				CLANG_WARN_RANGE_LOOP_ANALYSIS = YES;
				CLANG_WARN_STRICT_PROTOTYPES = YES;
				CLANG_WARN_SUSPICIOUS_MOVE = YES;
				CLANG_WARN_UNGUARDED_AVAILABILITY = YES_AGGRESSIVE;
				CLANG_WARN_UNREACHABLE_CODE = YES;
				CLANG_WARN__DUPLICATE_METHOD_MATCH = YES;
				COPY_PHASE_STRIP = NO;
				DEBUG_INFORMATION_FORMAT = "dwarf-with-dsym";
				ENABLE_NS_ASSERTIONS = NO;
				ENABLE_STRICT_OBJC_MSGSEND = YES;
				ENABLE_USER_SCRIPT_SANDBOXING = YES;
				GCC_C_LANGUAGE_STANDARD = gnu17;
				GCC_NO_COMMON_BLOCKS = YES;
				GCC_WARN_64_TO_32_BIT_CONVERSION = YES;
				GCC_WARN_ABOUT_RETURN_TYPE = YES_ERROR;
				GCC_WARN_UNDECLARED_SELECTOR = YES;
				GCC_WARN_UNINITIALIZED_AUTOS = YES_AGGRESSIVE;
				GCC_WARN_UNUSED_FUNCTION = YES;
				GCC_WARN_UNUSED_VARIABLE = YES;
				IPHONEOS_DEPLOYMENT_TARGET = 18.1;
				LOCALIZATION_PREFERS_STRING_CATALOGS = YES;
				MTL_ENABLE_DEBUG_INFO = NO;
				MTL_FAST_MATH = YES;
				SDKROOT = iphoneos;
				SWIFT_COMPILATION_MODE = wholemodule;
				VALIDATE_PRODUCT = YES;
			};
			name = Release;
		};
		5E070C712D06D8C6003E4938 /* Debug */ = {
			isa = XCBuildConfiguration;
			buildSettings = {
				ASSETCATALOG_COMPILER_APPICON_NAME = AppIcon;
				ASSETCATALOG_COMPILER_GLOBAL_ACCENT_COLOR_NAME = AccentColor;
				CODE_SIGN_STYLE = Automatic;
				CURRENT_PROJECT_VERSION = 1;
				DEVELOPMENT_ASSET_PATHS = "\"APIcall/Preview Content\"";
				ENABLE_PREVIEWS = YES;
				GENERATE_INFOPLIST_FILE = YES;
				INFOPLIST_FILE = APIcall/Info.plist;
				INFOPLIST_KEY_UIApplicationSceneManifest_Generation = YES;
				INFOPLIST_KEY_UIApplicationSupportsIndirectInputEvents = YES;
				INFOPLIST_KEY_UILaunchScreen_Generation = YES;
				INFOPLIST_KEY_UISupportedInterfaceOrientations_iPad = "UIInterfaceOrientationPortrait UIInterfaceOrientationPortraitUpsideDown UIInterfaceOrientationLandscapeLeft UIInterfaceOrientationLandscapeRight";
				INFOPLIST_KEY_UISupportedInterfaceOrientations_iPhone = "UIInterfaceOrientationPortrait UIInterfaceOrientationLandscapeLeft UIInterfaceOrientationLandscapeRight";
				LD_RUNPATH_SEARCH_PATHS = (
					"$(inherited)",
					"@executable_path/Frameworks",
				);
				MARKETING_VERSION = 1.0;
				PRODUCT_BUNDLE_IDENTIFIER = rihan.APIcall;
				PRODUCT_NAME = "$(TARGET_NAME)";
				SWIFT_EMIT_LOC_STRINGS = YES;
				SWIFT_VERSION = 5.0;
				TARGETED_DEVICE_FAMILY = "1,2";
			};
			name = Debug;
		};
		5E070C722D06D8C6003E4938 /* Release */ = {
			isa = XCBuildConfiguration;
			buildSettings = {
				ASSETCATALOG_COMPILER_APPICON_NAME = AppIcon;
				ASSETCATALOG_COMPILER_GLOBAL_ACCENT_COLOR_NAME = AccentColor;
				CODE_SIGN_STYLE = Automatic;
				CURRENT_PROJECT_VERSION = 1;
				DEVELOPMENT_ASSET_PATHS = "\"APIcall/Preview Content\"";
				ENABLE_PREVIEWS = YES;
				GENERATE_INFOPLIST_FILE = YES;
				INFOPLIST_FILE = APIcall/Info.plist;
				INFOPLIST_KEY_UIApplicationSceneManifest_Generation = YES;
				INFOPLIST_KEY_UIApplicationSupportsIndirectInputEvents = YES;
				INFOPLIST_KEY_UILaunchScreen_Generation = YES;
				INFOPLIST_KEY_UISupportedInterfaceOrientations_iPad = "UIInterfaceOrientationPortrait UIInterfaceOrientationPortraitUpsideDown UIInterfaceOrientationLandscapeLeft UIInterfaceOrientationLandscapeRight";
				INFOPLIST_KEY_UISupportedInterfaceOrientations_iPhone = "UIInterfaceOrientationPortrait UIInterfaceOrientationLandscapeLeft UIInterfaceOrientationLandscapeRight";
				LD_RUNPATH_SEARCH_PATHS = (
					"$(inherited)",
					"@executable_path/Frameworks",
				);
				MARKETING_VERSION = 1.0;
				PRODUCT_BUNDLE_IDENTIFIER = rihan.APIcall;
				PRODUCT_NAME = "$(TARGET_NAME)";
				SWIFT_EMIT_LOC_STRINGS = YES;
				SWIFT_VERSION = 5.0;
				TARGETED_DEVICE_FAMILY = "1,2";
			};
			name = Release;
		};
		5E070C742D06D8C6003E4938 /* Debug */ = {
			isa = XCBuildConfiguration;
			buildSettings = {
				BUNDLE_LOADER = "$(TEST_HOST)";
				CODE_SIGN_STYLE = Automatic;
				CURRENT_PROJECT_VERSION = 1;
				GENERATE_INFOPLIST_FILE = YES;
				IPHONEOS_DEPLOYMENT_TARGET = 18.1;
				MARKETING_VERSION = 1.0;
				PRODUCT_BUNDLE_IDENTIFIER = rihan.APIcallTests;
				PRODUCT_NAME = "$(TARGET_NAME)";
				SWIFT_EMIT_LOC_STRINGS = NO;
				SWIFT_VERSION = 5.0;
				TARGETED_DEVICE_FAMILY = "1,2";
				TEST_HOST = "$(BUILT_PRODUCTS_DIR)/APIcall.app/$(BUNDLE_EXECUTABLE_FOLDER_PATH)/APIcall";
			};
			name = Debug;
		};
		5E070C752D06D8C6003E4938 /* Release */ = {
			isa = XCBuildConfiguration;
			buildSettings = {
				BUNDLE_LOADER = "$(TEST_HOST)";
				CODE_SIGN_STYLE = Automatic;
				CURRENT_PROJECT_VERSION = 1;
				GENERATE_INFOPLIST_FILE = YES;
				IPHONEOS_DEPLOYMENT_TARGET = 18.1;
				MARKETING_VERSION = 1.0;
				PRODUCT_BUNDLE_IDENTIFIER = rihan.APIcallTests;
				PRODUCT_NAME = "$(TARGET_NAME)";
				SWIFT_EMIT_LOC_STRINGS = NO;
				SWIFT_VERSION = 5.0;
				TARGETED_DEVICE_FAMILY = "1,2";
				TEST_HOST = "$(BUILT_PRODUCTS_DIR)/APIcall.app/$(BUNDLE_EXECUTABLE_FOLDER_PATH)/APIcall";
			};
			name = Release;
		};
		5E070C772D06D8C6003E4938 /* Debug */ = {
			isa = XCBuildConfiguration;
			buildSettings = {
				CODE_SIGN_STYLE = Automatic;
				CURRENT_PROJECT_VERSION = 1;
				GENERATE_INFOPLIST_FILE = YES;
				MARKETING_VERSION = 1.0;
				PRODUCT_BUNDLE_IDENTIFIER = rihan.APIcallUITests;
				PRODUCT_NAME = "$(TARGET_NAME)";
				SWIFT_EMIT_LOC_STRINGS = NO;
				SWIFT_VERSION = 5.0;
				TARGETED_DEVICE_FAMILY = "1,2";
				TEST_TARGET_NAME = APIcall;
			};
			name = Debug;
		};
		5E070C782D06D8C6003E4938 /* Release */ = {
			isa = XCBuildConfiguration;
			buildSettings = {
				CODE_SIGN_STYLE = Automatic;
				CURRENT_PROJECT_VERSION = 1;
				GENERATE_INFOPLIST_FILE = YES;
				MARKETING_VERSION = 1.0;
				PRODUCT_BUNDLE_IDENTIFIER = rihan.APIcallUITests;
				PRODUCT_NAME = "$(TARGET_NAME)";
				SWIFT_EMIT_LOC_STRINGS = NO;
				SWIFT_VERSION = 5.0;
				TARGETED_DEVICE_FAMILY = "1,2";
				TEST_TARGET_NAME = APIcall;
			};
			name = Release;
		};
/* End XCBuildConfiguration section */

/* Begin XCConfigurationList section */
		5E070C472D06D8C4003E4938 /* Build configuration list for PBXProject "APIcall" */ = {
			isa = XCConfigurationList;
			buildConfigurations = (
				5E070C6E2D06D8C6003E4938 /* Debug */,
				5E070C6F2D06D8C6003E4938 /* Release */,
			);
			defaultConfigurationIsVisible = 0;
			defaultConfigurationName = Release;
		};
		5E070C702D06D8C6003E4938 /* Build configuration list for PBXNativeTarget "APIcall" */ = {
			isa = XCConfigurationList;
			buildConfigurations = (
				5E070C712D06D8C6003E4938 /* Debug */,
				5E070C722D06D8C6003E4938 /* Release */,
			);
			defaultConfigurationIsVisible = 0;
			defaultConfigurationName = Release;
		};
		5E070C732D06D8C6003E4938 /* Build configuration list for PBXNativeTarget "APIcallTests" */ = {
			isa = XCConfigurationList;
			buildConfigurations = (
				5E070C742D06D8C6003E4938 /* Debug */,
				5E070C752D06D8C6003E4938 /* Release */,
			);
			defaultConfigurationIsVisible = 0;
			defaultConfigurationName = Release;
		};
		5E070C762D06D8C6003E4938 /* Build configuration list for PBXNativeTarget "APIcallUITests" */ = {
			isa = XCConfigurationList;
			buildConfigurations = (
				5E070C772D06D8C6003E4938 /* Debug */,
				5E070C782D06D8C6003E4938 /* Release */,
			);
			defaultConfigurationIsVisible = 0;
			defaultConfigurationName = Release;
		};
/* End XCConfigurationList section */
	};
	rootObject = 5E070C442D06D8C4003E4938 /* Project object */;
}
